// !$*UTF8*$!
{
	archiveVersion = 1;
	classes = {
	};
	objectVersion = 50;
	objects = {

/* Begin PBXBuildFile section */
		A16BC26B232EC926001575A7 /* AppDelegate.swift in Sources */ = {isa = PBXBuildFile; fileRef = A16BC26A232EC926001575A7 /* AppDelegate.swift */; };
		A16BC26D232EC926001575A7 /* ContentView.swift in Sources */ = {isa = PBXBuildFile; fileRef = A16BC26C232EC926001575A7 /* ContentView.swift */; };
		A16BC26F232EC92A001575A7 /* Assets.xcassets in Resources */ = {isa = PBXBuildFile; fileRef = A16BC26E232EC92A001575A7 /* Assets.xcassets */; };
		A16BC272232EC92A001575A7 /* Preview Assets.xcassets in Resources */ = {isa = PBXBuildFile; fileRef = A16BC271232EC92A001575A7 /* Preview Assets.xcassets */; };
		A16BC275232EC92A001575A7 /* Main.storyboard in Resources */ = {isa = PBXBuildFile; fileRef = A16BC273232EC92A001575A7 /* Main.storyboard */; };
		A16BC27E232EC99A001575A7 /* CustomTextView.swift in Sources */ = {isa = PBXBuildFile; fileRef = A16BC27D232EC99A001575A7 /* CustomTextView.swift */; };
/* End PBXBuildFile section */

/* Begin PBXFileReference section */
		A16BC267232EC926001575A7 /* NGSwiftUITextAttachmentDemo.app */ = {isa = PBXFileReference; explicitFileType = wrapper.application; includeInIndex = 0; path = NGSwiftUITextAttachmentDemo.app; sourceTree = BUILT_PRODUCTS_DIR; };
		A16BC26A232EC926001575A7 /* AppDelegate.swift */ = {isa = PBXFileReference; lastKnownFileType = sourcecode.swift; path = AppDelegate.swift; sourceTree = "<group>"; };
		A16BC26C232EC926001575A7 /* ContentView.swift */ = {isa = PBXFileReference; lastKnownFileType = sourcecode.swift; path = ContentView.swift; sourceTree = "<group>"; };
		A16BC26E232EC92A001575A7 /* Assets.xcassets */ = {isa = PBXFileReference; lastKnownFileType = folder.assetcatalog; path = Assets.xcassets; sourceTree = "<group>"; };
		A16BC271232EC92A001575A7 /* Preview Assets.xcassets */ = {isa = PBXFileReference; lastKnownFileType = folder.assetcatalog; path = "Preview Assets.xcassets"; sourceTree = "<group>"; };
		A16BC274232EC92A001575A7 /* Base */ = {isa = PBXFileReference; lastKnownFileType = file.storyboard; name = Base; path = Base.lproj/Main.storyboard; sourceTree = "<group>"; };
		A16BC276232EC92A001575A7 /* Info.plist */ = {isa = PBXFileReference; lastKnownFileType = text.plist.xml; path = Info.plist; sourceTree = "<group>"; };
		A16BC277232EC92A001575A7 /* NGSwiftUITextAttachmentDemo.entitlements */ = {isa = PBXFileReference; lastKnownFileType = text.plist.entitlements; path = NGSwiftUITextAttachmentDemo.entitlements; sourceTree = "<group>"; };
		A16BC27D232EC99A001575A7 /* CustomTextView.swift */ = {isa = PBXFileReference; lastKnownFileType = sourcecode.swift; path = CustomTextView.swift; sourceTree = "<group>"; };
/* End PBXFileReference section */

/* Begin PBXFrameworksBuildPhase section */
		A16BC264232EC926001575A7 /* Frameworks */ = {
			isa = PBXFrameworksBuildPhase;
			buildActionMask = 2147483647;
			files = (
			);
			runOnlyForDeploymentPostprocessing = 0;
		};
/* End PBXFrameworksBuildPhase section */

/* Begin PBXGroup section */
		A16BC25E232EC926001575A7 = {
			isa = PBXGroup;
			children = (
				A16BC269232EC926001575A7 /* NGSwiftUITextAttachmentDemo */,
				A16BC268232EC926001575A7 /* Products */,
			);
			sourceTree = "<group>";
		};
		A16BC268232EC926001575A7 /* Products */ = {
			isa = PBXGroup;
			children = (
				A16BC267232EC926001575A7 /* NGSwiftUITextAttachmentDemo.app */,
			);
			name = Products;
			sourceTree = "<group>";
		};
		A16BC269232EC926001575A7 /* NGSwiftUITextAttachmentDemo */ = {
			isa = PBXGroup;
			children = (
				A16BC26A232EC926001575A7 /* AppDelegate.swift */,
				A16BC26C232EC926001575A7 /* ContentView.swift */,
				A16BC26E232EC92A001575A7 /* Assets.xcassets */,
				A16BC273232EC92A001575A7 /* Main.storyboard */,
				A16BC276232EC92A001575A7 /* Info.plist */,
				A16BC277232EC92A001575A7 /* NGSwiftUITextAttachmentDemo.entitlements */,
				A16BC270232EC92A001575A7 /* Preview Content */,
				A16BC27D232EC99A001575A7 /* CustomTextView.swift */,
			);
			path = NGSwiftUITextAttachmentDemo;
			sourceTree = "<group>";
		};
		A16BC270232EC92A001575A7 /* Preview Content */ = {
			isa = PBXGroup;
			children = (
				A16BC271232EC92A001575A7 /* Preview Assets.xcassets */,
			);
			path = "Preview Content";
			sourceTree = "<group>";
		};
/* End PBXGroup section */

/* Begin PBXNativeTarget section */
		A16BC266232EC926001575A7 /* NGSwiftUITextAttachmentDemo */ = {
			isa = PBXNativeTarget;
			buildConfigurationList = A16BC27A232EC92A001575A7 /* Build configuration list for PBXNativeTarget "NGSwiftUITextAttachmentDemo" */;
			buildPhases = (
				A16BC263232EC926001575A7 /* Sources */,
				A16BC264232EC926001575A7 /* Frameworks */,
				A16BC265232EC926001575A7 /* Resources */,
			);
			buildRules = (
			);
			dependencies = (
			);
			name = NGSwiftUITextAttachmentDemo;
			productName = NGSwiftUITextAttachmentDemo;
			productReference = A16BC267232EC926001575A7 /* NGSwiftUITextAttachmentDemo.app */;
			productType = "com.apple.product-type.application";
		};
/* End PBXNativeTarget section */

/* Begin PBXProject section */
		A16BC25F232EC926001575A7 /* Project object */ = {
			isa = PBXProject;
			attributes = {
				LastSwiftUpdateCheck = 1100;
				LastUpgradeCheck = 1100;
				ORGANIZATIONNAME = "Noah Gilmore";
				TargetAttributes = {
					A16BC266232EC926001575A7 = {
						CreatedOnToolsVersion = 11.0;
					};
				};
			};
			buildConfigurationList = A16BC262232EC926001575A7 /* Build configuration list for PBXProject "NGSwiftUITextAttachmentDemo" */;
			compatibilityVersion = "Xcode 9.3";
			developmentRegion = en;
			hasScannedForEncodings = 0;
			knownRegions = (
				en,
				Base,
			);
			mainGroup = A16BC25E232EC926001575A7;
			productRefGroup = A16BC268232EC926001575A7 /* Products */;
			projectDirPath = "";
			projectRoot = "";
			targets = (
				A16BC266232EC926001575A7 /* NGSwiftUITextAttachmentDemo */,
			);
		};
/* End PBXProject section */

/* Begin PBXResourcesBuildPhase section */
		A16BC265232EC926001575A7 /* Resources */ = {
			isa = PBXResourcesBuildPhase;
			buildActionMask = 2147483647;
			files = (
				A16BC275232EC92A001575A7 /* Main.storyboard in Resources */,
				A16BC272232EC92A001575A7 /* Preview Assets.xcassets in Resources */,
				A16BC26F232EC92A001575A7 /* Assets.xcassets in Resources */,
			);
			runOnlyForDeploymentPostprocessing = 0;
		};
/* End PBXResourcesBuildPhase section */

/* Begin PBXSourcesBuildPhase section */
		A16BC263232EC926001575A7 /* Sources */ = {
			isa = PBXSourcesBuildPhase;
			buildActionMask = 2147483647;
			files = (
				A16BC26D232EC926001575A7 /* ContentView.swift in Sources */,
				A16BC26B232EC926001575A7 /* AppDelegate.swift in Sources */,
				A16BC27E232EC99A001575A7 /* CustomTextView.swift in Sources */,
			);
			runOnlyForDeploymentPostprocessing = 0;
		};
/* End PBXSourcesBuildPhase section */

/* Begin PBXVariantGroup section */
		A16BC273232EC92A001575A7 /* Main.storyboard */ = {
			isa = PBXVariantGroup;
			children = (
				A16BC274232EC92A001575A7 /* Base */,
			);
			name = Main.storyboard;
			sourceTree = "<group>";
		};
/* End PBXVariantGroup section */

/* Begin XCBuildConfiguration section */
		A16BC278232EC92A001575A7 /* Debug */ = {
			isa = XCBuildConfiguration;
			buildSettings = {
				ALWAYS_SEARCH_USER_PATHS = NO;
				CLANG_ANALYZER_NONNULL = YES;
				CLANG_ANALYZER_NUMBER_OBJECT_CONVERSION = YES_AGGRESSIVE;
				CLANG_CXX_LANGUAGE_STANDARD = "gnu++14";
				CLANG_CXX_LIBRARY = "libc++";
				CLANG_ENABLE_MODULES = YES;
				CLANG_ENABLE_OBJC_ARC = YES;
				CLANG_ENABLE_OBJC_WEAK = YES;
				CLANG_WARN_BLOCK_CAPTURE_AUTORELEASING = YES;
				CLANG_WARN_BOOL_CONVERSION = YES;
				CLANG_WARN_COMMA = YES;
				CLANG_WARN_CONSTANT_CONVERSION = YES;
				CLANG_WARN_DEPRECATED_OBJC_IMPLEMENTATIONS = YES;
				CLANG_WARN_DIRECT_OBJC_ISA_USAGE = YES_ERROR;
				CLANG_WARN_DOCUMENTATION_COMMENTS = YES;
				CLANG_WARN_EMPTY_BODY = YES;
				CLANG_WARN_ENUM_CONVERSION = YES;
				CLANG_WARN_INFINITE_RECURSION = YES;
				CLANG_WARN_INT_CONVERSION = YES;
				CLANG_WARN_NON_LITERAL_NULL_CONVERSION = YES;
				CLANG_WARN_OBJC_IMPLICIT_RETAIN_SELF = YES;
				CLANG_WARN_OBJC_LITERAL_CONVERSION = YES;
				CLANG_WARN_OBJC_ROOT_CLASS = YES_ERROR;
				CLANG_WARN_RANGE_LOOP_ANALYSIS = YES;
				CLANG_WARN_STRICT_PROTOTYPES = YES;
				CLANG_WARN_SUSPICIOUS_MOVE = YES;
				CLANG_WARN_UNGUARDED_AVAILABILITY = YES_AGGRESSIVE;
				CLANG_WARN_UNREACHABLE_CODE = YES;
				CLANG_WARN__DUPLICATE_METHOD_MATCH = YES;
				COPY_PHASE_STRIP = NO;
				DEBUG_INFORMATION_FORMAT = dwarf;
				ENABLE_STRICT_OBJC_MSGSEND = YES;
				ENABLE_TESTABILITY = YES;
				GCC_C_LANGUAGE_STANDARD = gnu11;
				GCC_DYNAMIC_NO_PIC = NO;
				GCC_NO_COMMON_BLOCKS = YES;
				GCC_OPTIMIZATION_LEVEL = 0;
				GCC_PREPROCESSOR_DEFINITIONS = (
					"DEBUG=1",
					"$(inherited)",
				);
				GCC_WARN_64_TO_32_BIT_CONVERSION = YES;
				GCC_WARN_ABOUT_RETURN_TYPE = YES_ERROR;
				GCC_WARN_UNDECLARED_SELECTOR = YES;
				GCC_WARN_UNINITIALIZED_AUTOS = YES_AGGRESSIVE;
				GCC_WARN_UNUSED_FUNCTION = YES;
				GCC_WARN_UNUSED_VARIABLE = YES;
				MACOSX_DEPLOYMENT_TARGET = 10.15;
				MTL_ENABLE_DEBUG_INFO = INCLUDE_SOURCE;
				MTL_FAST_MATH = YES;
				ONLY_ACTIVE_ARCH = YES;
				SDKROOT = macosx;
				SWIFT_ACTIVE_COMPILATION_CONDITIONS = DEBUG;
				SWIFT_OPTIMIZATION_LEVEL = "-Onone";
			};
			name = Debug;
		};
		A16BC279232EC92A001575A7 /* Release */ = {
			isa = XCBuildConfiguration;
			buildSettings = {
				ALWAYS_SEARCH_USER_PATHS = NO;
				CLANG_ANALYZER_NONNULL = YES;
				CLANG_ANALYZER_NUMBER_OBJECT_CONVERSION = YES_AGGRESSIVE;
				CLANG_CXX_LANGUAGE_STANDARD = "gnu++14";
				CLANG_CXX_LIBRARY = "libc++";
				CLANG_ENABLE_MODULES = YES;
				CLANG_ENABLE_OBJC_ARC = YES;
				CLANG_ENABLE_OBJC_WEAK = YES;
				CLANG_WARN_BLOCK_CAPTURE_AUTORELEASING = YES;
				CLANG_WARN_BOOL_CONVERSION = YES;
				CLANG_WARN_COMMA = YES;
				CLANG_WARN_CONSTANT_CONVERSION = YES;
				CLANG_WARN_DEPRECATED_OBJC_IMPLEMENTATIONS = YES;
				CLANG_WARN_DIRECT_OBJC_ISA_USAGE = YES_ERROR;
				CLANG_WARN_DOCUMENTATION_COMMENTS = YES;
				CLANG_WARN_EMPTY_BODY = YES;
				CLANG_WARN_ENUM_CONVERSION = YES;
				CLANG_WARN_INFINITE_RECURSION = YES;
				CLANG_WARN_INT_CONVERSION = YES;
				CLANG_WARN_NON_LITERAL_NULL_CONVERSION = YES;
				CLANG_WARN_OBJC_IMPLICIT_RETAIN_SELF = YES;
				CLANG_WARN_OBJC_LITERAL_CONVERSION = YES;
				CLANG_WARN_OBJC_ROOT_CLASS = YES_ERROR;
				CLANG_WARN_RANGE_LOOP_ANALYSIS = YES;
				CLANG_WARN_STRICT_PROTOTYPES = YES;
				CLANG_WARN_SUSPICIOUS_MOVE = YES;
				CLANG_WARN_UNGUARDED_AVAILABILITY = YES_AGGRESSIVE;
				CLANG_WARN_UNREACHABLE_CODE = YES;
				CLANG_WARN__DUPLICATE_METHOD_MATCH = YES;
				COPY_PHASE_STRIP = NO;
				DEBUG_INFORMATION_FORMAT = "dwarf-with-dsym";
				ENABLE_NS_ASSERTIONS = NO;
				ENABLE_STRICT_OBJC_MSGSEND = YES;
				GCC_C_LANGUAGE_STANDARD = gnu11;
				GCC_NO_COMMON_BLOCKS = YES;
				GCC_WARN_64_TO_32_BIT_CONVERSION = YES;
				GCC_WARN_ABOUT_RETURN_TYPE = YES_ERROR;
				GCC_WARN_UNDECLARED_SELECTOR = YES;
				GCC_WARN_UNINITIALIZED_AUTOS = YES_AGGRESSIVE;
				GCC_WARN_UNUSED_FUNCTION = YES;
				GCC_WARN_UNUSED_VARIABLE = YES;
				MACOSX_DEPLOYMENT_TARGET = 10.15;
				MTL_ENABLE_DEBUG_INFO = NO;
				MTL_FAST_MATH = YES;
				SDKROOT = macosx;
				SWIFT_COMPILATION_MODE = wholemodule;
				SWIFT_OPTIMIZATION_LEVEL = "-O";
			};
			name = Release;
		};
		A16BC27B232EC92A001575A7 /* Debug */ = {
			isa = XCBuildConfiguration;
			buildSettings = {
				ASSETCATALOG_COMPILER_APPICON_NAME = AppIcon;
				CODE_SIGN_ENTITLEMENTS = NGSwiftUITextAttachmentDemo/NGSwiftUITextAttachmentDemo.entitlements;
				CODE_SIGN_STYLE = Automatic;
				COMBINE_HIDPI_IMAGES = YES;
				DEVELOPMENT_ASSET_PATHS = "\"NGSwiftUITextAttachmentDemo/Preview Content\"";
				DEVELOPMENT_TEAM = 29P3YRFLV5;
				ENABLE_HARDENED_RUNTIME = YES;
				ENABLE_PREVIEWS = YES;
				INFOPLIST_FILE = NGSwiftUITextAttachmentDemo/Info.plist;
				LD_RUNPATH_SEARCH_PATHS = (
					"$(inherited)",
					"@executable_path/../Frameworks",
				);
				MACOSX_DEPLOYMENT_TARGET = 10.15;
				PRODUCT_BUNDLE_IDENTIFIER = com.noahgilmore.NGSwiftUITextAttachmentDemo;
				PRODUCT_NAME = "$(TARGET_NAME)";
				SWIFT_VERSION = 5.0;
			};
			name = Debug;
		};
		A16BC27C232EC92A001575A7 /* Release */ = {
			isa = XCBuildConfiguration;
			buildSettings = {
				ASSETCATALOG_COMPILER_APPICON_NAME = AppIcon;
				CODE_SIGN_ENTITLEMENTS = NGSwiftUITextAttachmentDemo/NGSwiftUITextAttachmentDemo.entitlements;
				CODE_SIGN_STYLE = Automatic;
				COMBINE_HIDPI_IMAGES = YES;
				DEVELOPMENT_ASSET_PATHS = "\"NGSwiftUITextAttachmentDemo/Preview Content\"";
				DEVELOPMENT_TEAM = 29P3YRFLV5;
				ENABLE_HARDENED_RUNTIME = YES;
				ENABLE_PREVIEWS = YES;
				INFOPLIST_FILE = NGSwiftUITextAttachmentDemo/Info.plist;
				LD_RUNPATH_SEARCH_PATHS = (
					"$(inherited)",
					"@executable_path/../Frameworks",
				);
				MACOSX_DEPLOYMENT_TARGET = 10.15;
				PRODUCT_BUNDLE_IDENTIFIER = com.noahgilmore.NGSwiftUITextAttachmentDemo;
				PRODUCT_NAME = "$(TARGET_NAME)";
				SWIFT_VERSION = 5.0;
			};
			name = Release;
		};
/* End XCBuildConfiguration section */

/* Begin XCConfigurationList section */
		A16BC262232EC926001575A7 /* Build configuration list for PBXProject "NGSwiftUITextAttachmentDemo" */ = {
			isa = XCConfigurationList;
			buildConfigurations = (
				A16BC278232EC92A001575A7 /* Debug */,
				A16BC279232EC92A001575A7 /* Release */,
			);
			defaultConfigurationIsVisible = 0;
			defaultConfigurationName = Release;
		};
		A16BC27A232EC92A001575A7 /* Build configuration list for PBXNativeTarget "NGSwiftUITextAttachmentDemo" */ = {
			isa = XCConfigurationList;
			buildConfigurations = (
				A16BC27B232EC92A001575A7 /* Debug */,
				A16BC27C232EC92A001575A7 /* Release */,
			);
			defaultConfigurationIsVisible = 0;
			defaultConfigurationName = Release;
		};
/* End XCConfigurationList section */
	};
	rootObject = A16BC25F232EC926001575A7 /* Project object */;
}
